<?xml version="1.0" encoding="utf-8"?>
<Project ToolsVersion="4.0" xmlns="http://schemas.microsoft.com/developer/msbuild/2003">
  <ItemGroup>
    <Filter Include="Source Files">
      <UniqueIdentifier>{4FC737F1-C7A5-4376-A066-2A32D752A2FF}</UniqueIdentifier>
      <Extensions>cpp;c;cc;cxx;c++;cppm;ixx;def;odl;idl;hpj;bat;asm;asmx</Extensions>
    </Filter>
    <Filter Include="Resource Files">
      <UniqueIdentifier>{67DA6AB6-F800-4c08-8B7A-83BB121AAD01}</UniqueIdentifier>
      <Extensions>rc;ico;cur;bmp;dlg;rc2;rct;bin;rgs;gif;jpg;jpeg;jpe;resx;tiff;tif;png;wav;mfcribbon-ms</Extensions>
    </Filter>
    <Filter Include="General">
      <UniqueIdentifier>{a279192b-0b0c-479f-994d-548ac4156554}</UniqueIdentifier>
    </Filter>
    <Filter Include="Pipeline">
      <UniqueIdentifier>{56c47b70-75bd-400d-9f12-aad5a0e802e7}</UniqueIdentifier>
    </Filter>
    <Filter Include="Pipeline\Rasterization">
      <UniqueIdentifier>{d15da416-15f8-4c63-b3e8-135a75045a6d}</UniqueIdentifier>
    </Filter>
    <Filter Include="Pipeline\GeometryProcessing">
      <UniqueIdentifier>{ae0de817-2e66-4645-a402-98aa156d0a64}</UniqueIdentifier>
    </Filter>
    <Filter Include="Pipeline\Merge">
      <UniqueIdentifier>{257e85ab-2067-4349-998e-8481ba69dbc8}</UniqueIdentifier>
    </Filter>
    <Filter Include="Geometry">
      <UniqueIdentifier>{3d0973cc-a67d-4e50-9aba-d57ed67110a2}</UniqueIdentifier>
    </Filter>
  </ItemGroup>
  <ItemGroup>
    <ClCompile Include="DX12.cpp">
      <Filter>Source Files</Filter>
    </ClCompile>
    <ClCompile Include="Window.cpp">
      <Filter>General</Filter>
    </ClCompile>
    <ClCompile Include="Mouse.cpp">
      <Filter>General</Filter>
    </ClCompile>
    <ClCompile Include="ImGui\imgui.cpp">
      <Filter>Source Files</Filter>
    </ClCompile>
    <ClCompile Include="ImGui\imgui_demo.cpp">
      <Filter>Source Files</Filter>
    </ClCompile>
    <ClCompile Include="ImGui\imgui_draw.cpp">
      <Filter>Source Files</Filter>
    </ClCompile>
    <ClCompile Include="ImGui\imgui_impl_dx12.cpp">
      <Filter>Source Files</Filter>
    </ClCompile>
    <ClCompile Include="ImGui\imgui_impl_win32.cpp">
      <Filter>Source Files</Filter>
    </ClCompile>
    <ClCompile Include="ImGui\imgui_tables.cpp">
      <Filter>Source Files</Filter>
    </ClCompile>
    <ClCompile Include="ImGui\imgui_widgets.cpp">
      <Filter>Source Files</Filter>
    </ClCompile>
    <ClCompile Include="Camera.cpp">
      <Filter>General</Filter>
    </ClCompile>
    <ClCompile Include="FreeCamera.cpp">
      <Filter>General</Filter>
    </ClCompile>
    <ClCompile Include="QuadricMesh.cpp">
      <Filter>Geometry</Filter>
    </ClCompile>
    <ClCompile Include="main.cpp">
      <Filter>Source Files</Filter>
    </ClCompile>
    <ClCompile Include="ImGui\ImGuiRenderer.cpp">
      <Filter>General</Filter>
    </ClCompile>
    <ClCompile Include="QuadricRenderer.cpp">
      <Filter>Pipeline</Filter>
    </ClCompile>
    <ClCompile Include="RasterizationStage.cpp">
      <Filter>Pipeline\Rasterization</Filter>
    </ClCompile>
    <ClCompile Include="GeometryProcessingStage.cpp">
      <Filter>Pipeline\GeometryProcessing</Filter>
    </ClCompile>
    <ClCompile Include="MergeStage.cpp">
      <Filter>Pipeline\Merge</Filter>
    </ClCompile>
    <ClCompile Include="Instance.cpp">
      <Filter>Geometry</Filter>
    </ClCompile>
  </ItemGroup>
  <ItemGroup>
    <ClInclude Include="Helpers.h">
      <Filter>Source Files</Filter>
    </ClInclude>
    <ClInclude Include="d3dx12.h">
      <Filter>Source Files</Filter>
    </ClInclude>
    <ClInclude Include="DX12.h">
      <Filter>Source Files</Filter>
    </ClInclude>
    <ClInclude Include="Window.h">
      <Filter>General</Filter>
    </ClInclude>
    <ClInclude Include="Mouse.h">
      <Filter>General</Filter>
    </ClInclude>
    <ClInclude Include="ImGui\imstb_truetype.h" />
    <ClInclude Include="ImGui\imconfig.h" />
    <ClInclude Include="ImGui\imgui.h" />
    <ClInclude Include="ImGui\imgui_impl_dx12.h" />
    <ClInclude Include="ImGui\imgui_impl_win32.h" />
    <ClInclude Include="ImGui\imgui_internal.h" />
    <ClInclude Include="ImGui\imstb_rectpack.h" />
    <ClInclude Include="ImGui\imstb_textedit.h" />
    <ClInclude Include="Camera.h">
      <Filter>General</Filter>
    </ClInclude>
    <ClInclude Include="FreeCamera.h">
      <Filter>General</Filter>
    </ClInclude>
    <ClInclude Include="QuadricMesh.h">
      <Filter>Geometry</Filter>
    </ClInclude>
    <ClInclude Include="Transform.h">
      <Filter>General</Filter>
    </ClInclude>
    <ClInclude Include="ImGui\ImGuiRenderer.h">
      <Filter>General</Filter>
    </ClInclude>
    <ClInclude Include="QuadricRenderer.h">
      <Filter>Pipeline</Filter>
    </ClInclude>
    <ClInclude Include="Structs.h">
      <Filter>Pipeline</Filter>
    </ClInclude>
    <ClInclude Include="RasterizationStage.h">
      <Filter>Pipeline\Rasterization</Filter>
    </ClInclude>
    <ClInclude Include="Stage.h">
      <Filter>Pipeline</Filter>
    </ClInclude>
    <ClInclude Include="GeometryProcessingStage.h">
      <Filter>Pipeline\GeometryProcessing</Filter>
    </ClInclude>
    <ClInclude Include="MergeStage.h">
      <Filter>Pipeline\Merge</Filter>
    </ClInclude>
    <ClInclude Include="Instance.h">
      <Filter>Geometry</Filter>
    </ClInclude>
  </ItemGroup>
  <ItemGroup>
    <FxCompile Include="Helpers.hlsl">
      <Filter>Pipeline</Filter>
    </FxCompile>
    <FxCompile Include="Structs.hlsl">
      <Filter>Pipeline</Filter>
    </FxCompile>
    <FxCompile Include="RasterizationShader.hlsl">
      <Filter>Pipeline\Rasterization</Filter>
    </FxCompile>
    <FxCompile Include="MergeShader.hlsl">
      <Filter>Pipeline\Merge</Filter>
    </FxCompile>
    <FxCompile Include="GeometryProcessingShader.hlsl">
      <Filter>Pipeline\GeometryProcessing</Filter>
    </FxCompile>
    <FxCompile Include="RootSignature.hlsl">
      <Filter>Pipeline</Filter>
    </FxCompile>
  </ItemGroup>
</Project>