<?xml version="1.0" encoding="utf-8"?>
<Project ToolsVersion="4.0" xmlns="http://schemas.microsoft.com/developer/msbuild/2003">
  <ItemGroup>
    <Filter Include="Source Files">
      <UniqueIdentifier>{4FC737F1-C7A5-4376-A066-2A32D752A2FF}</UniqueIdentifier>
      <Extensions>cpp;c;cc;cxx;c++;cppm;ixx;def;odl;idl;hpj;bat;asm;asmx</Extensions>
    </Filter>
    <Filter Include="Resource Files">
      <UniqueIdentifier>{67DA6AB6-F800-4c08-8B7A-83BB121AAD01}</UniqueIdentifier>
      <Extensions>rc;ico;cur;bmp;dlg;rc2;rct;bin;rgs;gif;jpg;jpeg;jpe;resx;tiff;tif;png;wav;mfcribbon-ms</Extensions>
    </Filter>
    <Filter Include="General">
      <UniqueIdentifier>{a279192b-0b0c-479f-994d-548ac4156554}</UniqueIdentifier>
    </Filter>
    <Filter Include="Ellipsoids">
      <UniqueIdentifier>{3d0973cc-a67d-4e50-9aba-d57ed67110a2}</UniqueIdentifier>
    </Filter>
  </ItemGroup>
  <ItemGroup>
    <ClCompile Include="Helpers.cpp">
      <Filter>Source Files</Filter>
    </ClCompile>
    <ClCompile Include="DX12.cpp">
      <Filter>Source Files</Filter>
    </ClCompile>
    <ClCompile Include="main.cpp">
      <Filter>Source Files</Filter>
    </ClCompile>
    <ClCompile Include="Camera.cpp">
      <Filter>Source Files</Filter>
    </ClCompile>
    <ClCompile Include="Window.cpp">
      <Filter>General</Filter>
    </ClCompile>
    <ClCompile Include="Mouse.cpp">
      <Filter>General</Filter>
    </ClCompile>
    <ClCompile Include="Quadric.cpp">
      <Filter>Ellipsoids</Filter>
    </ClCompile>
    <ClCompile Include="QuadricRenderer.cpp">
      <Filter>Source Files</Filter>
    </ClCompile>
  </ItemGroup>
  <ItemGroup>
    <ClInclude Include="Helpers.h">
      <Filter>Source Files</Filter>
    </ClInclude>
    <ClInclude Include="Camera.h">
      <Filter>Source Files</Filter>
    </ClInclude>
    <ClInclude Include="d3dx12.h">
      <Filter>Source Files</Filter>
    </ClInclude>
    <ClInclude Include="DX12.h">
      <Filter>Source Files</Filter>
    </ClInclude>
    <ClInclude Include="Window.h">
      <Filter>General</Filter>
    </ClInclude>
    <ClInclude Include="Mouse.h">
      <Filter>General</Filter>
    </ClInclude>
    <ClInclude Include="Quadric.h">
      <Filter>Ellipsoids</Filter>
    </ClInclude>
    <ClInclude Include="QuadricRenderer.h">
      <Filter>Source Files</Filter>
    </ClInclude>
    <ClInclude Include="MultiQuadric.h">
      <Filter>Ellipsoids</Filter>
    </ClInclude>
  </ItemGroup>
</Project>