<?xml version="1.0" encoding="utf-8"?>
<Project ToolsVersion="4.0" xmlns="http://schemas.microsoft.com/developer/msbuild/2003">
  <ItemGroup>
    <Filter Include="General">
      <UniqueIdentifier>{a279192b-0b0c-479f-994d-548ac4156554}</UniqueIdentifier>
    </Filter>
    <Filter Include="Pipeline">
      <UniqueIdentifier>{56c47b70-75bd-400d-9f12-aad5a0e802e7}</UniqueIdentifier>
    </Filter>
    <Filter Include="Pipeline\Rasterization">
      <UniqueIdentifier>{d15da416-15f8-4c63-b3e8-135a75045a6d}</UniqueIdentifier>
    </Filter>
    <Filter Include="Pipeline\GeometryProcessing">
      <UniqueIdentifier>{ae0de817-2e66-4645-a402-98aa156d0a64}</UniqueIdentifier>
    </Filter>
    <Filter Include="Pipeline\Merge">
      <UniqueIdentifier>{257e85ab-2067-4349-998e-8481ba69dbc8}</UniqueIdentifier>
    </Filter>
    <Filter Include="Geometry">
      <UniqueIdentifier>{3d0973cc-a67d-4e50-9aba-d57ed67110a2}</UniqueIdentifier>
    </Filter>
    <Filter Include="Shaders">
      <UniqueIdentifier>{0cd7d50d-4265-4c8e-9c6f-62c20ea420e1}</UniqueIdentifier>
    </Filter>
  </ItemGroup>
  <ItemGroup>
    <ClCompile Include="QuadricRenderer.cpp">
      <Filter>Pipeline</Filter>
    </ClCompile>
    <ClCompile Include="RasterizationStage.cpp">
      <Filter>Pipeline\Rasterization</Filter>
    </ClCompile>
    <ClCompile Include="GeometryProcessingStage.cpp">
      <Filter>Pipeline\GeometryProcessing</Filter>
    </ClCompile>
    <ClCompile Include="MergeStage.cpp">
      <Filter>Pipeline\Merge</Filter>
    </ClCompile>
    <ClCompile Include="QuadricGeometry.cpp">
      <Filter>Geometry</Filter>
    </ClCompile>
  </ItemGroup>
  <ItemGroup>
    <ClInclude Include="QuadricRenderer.h">
      <Filter>Pipeline</Filter>
    </ClInclude>
    <ClInclude Include="Structs.h">
      <Filter>Pipeline</Filter>
    </ClInclude>
    <ClInclude Include="RasterizationStage.h">
      <Filter>Pipeline\Rasterization</Filter>
    </ClInclude>
    <ClInclude Include="Stage.h">
      <Filter>Pipeline</Filter>
    </ClInclude>
    <ClInclude Include="GeometryProcessingStage.h">
      <Filter>Pipeline\GeometryProcessing</Filter>
    </ClInclude>
    <ClInclude Include="MergeStage.h">
      <Filter>Pipeline\Merge</Filter>
    </ClInclude>
    <ClInclude Include="QuadricGeometry.h">
      <Filter>Geometry</Filter>
    </ClInclude>
    <ClInclude Include="d3dx12.h">
      <Filter>General</Filter>
    </ClInclude>
    <ClInclude Include="Helpers.h">
      <Filter>General</Filter>
    </ClInclude>
  </ItemGroup>
  <ItemGroup>
    <FxCompile Include="Shaders\Base.hlsl">
      <Filter>Shaders</Filter>
    </FxCompile>
    <FxCompile Include="Shaders\GeometryProcessingShader.hlsl">
      <Filter>Shaders</Filter>
    </FxCompile>
    <FxCompile Include="Shaders\MergeShader.hlsl">
      <Filter>Shaders</Filter>
    </FxCompile>
    <FxCompile Include="Shaders\RasterizationShader.hlsl">
      <Filter>Shaders</Filter>
    </FxCompile>
  </ItemGroup>
</Project>